
Microsoft Visual Studio Solution File, Format Version 12.00
# Visual Studio Version 17
VisualStudioVersion = 17.6.33723.286
MinimumVisualStudioVersion = 10.0.40219.1
Project("{9A19103F-16F7-4668-BE54-9A1E7A4F7556}") = "Models", "Models\Models.csproj", "{65E44D62-ABD2-4772-AB78-61874CBEE7E7}"
EndProject
Project("{9A19103F-16F7-4668-BE54-9A1E7A4F7556}") = "Doctors", "Doctors\Doctors.csproj", "{EB73CE45-C0C4-423C-9041-9CB88801643E}"
EndProject
Project("{9A19103F-16F7-4668-BE54-9A1E7A4F7556}") = "Patients", "Patients\Patients.csproj", "{35A563FC-9D59-447B-8FCC-AD45E19D179D}"
EndProject
Project("{FAE04EC0-301F-11D3-BF4B-00C04F79EFBC}") = "Appointments", "Appointments\Appointments.csproj", "{49DC68EF-18BE-4372-B67F-120044551F81}"
EndProject
Global
	GlobalSection(SolutionConfigurationPlatforms) = preSolution
		Debug|Any CPU = Debug|Any CPU
		Release|Any CPU = Release|Any CPU
	EndGlobalSection
	GlobalSection(ProjectConfigurationPlatforms) = postSolution
		{65E44D62-ABD2-4772-AB78-61874CBEE7E7}.Debug|Any CPU.ActiveCfg = Debug|Any CPU
		{65E44D62-ABD2-4772-AB78-61874CBEE7E7}.Debug|Any CPU.Build.0 = Debug|Any CPU
		{65E44D62-ABD2-4772-AB78-61874CBEE7E7}.Release|Any CPU.ActiveCfg = Release|Any CPU
		{65E44D62-ABD2-4772-AB78-61874CBEE7E7}.Release|Any CPU.Build.0 = Release|Any CPU
		{EB73CE45-C0C4-423C-9041-9CB88801643E}.Debug|Any CPU.ActiveCfg = Debug|Any CPU
		{EB73CE45-C0C4-423C-9041-9CB88801643E}.Debug|Any CPU.Build.0 = Debug|Any CPU
		{EB73CE45-C0C4-423C-9041-9CB88801643E}.Release|Any CPU.ActiveCfg = Release|Any CPU
		{EB73CE45-C0C4-423C-9041-9CB88801643E}.Release|Any CPU.Build.0 = Release|Any CPU
		{35A563FC-9D59-447B-8FCC-AD45E19D179D}.Debug|Any CPU.ActiveCfg = Debug|Any CPU
		{35A563FC-9D59-447B-8FCC-AD45E19D179D}.Debug|Any CPU.Build.0 = Debug|Any CPU
		{35A563FC-9D59-447B-8FCC-AD45E19D179D}.Release|Any CPU.ActiveCfg = Release|Any CPU
		{35A563FC-9D59-447B-8FCC-AD45E19D179D}.Release|Any CPU.Build.0 = Release|Any CPU
		{49DC68EF-18BE-4372-B67F-120044551F81}.Debug|Any CPU.ActiveCfg = Debug|Any CPU
		{49DC68EF-18BE-4372-B67F-120044551F81}.Debug|Any CPU.Build.0 = Debug|Any CPU
		{49DC68EF-18BE-4372-B67F-120044551F81}.Release|Any CPU.ActiveCfg = Release|Any CPU
		{49DC68EF-18BE-4372-B67F-120044551F81}.Release|Any CPU.Build.0 = Release|Any CPU
	EndGlobalSection
	GlobalSection(SolutionProperties) = preSolution
		HideSolutionNode = FALSE
	EndGlobalSection
	GlobalSection(ExtensibilityGlobals) = postSolution
		SolutionGuid = {873C0DB8-F93A-4CED-8F40-5049AA9F78AF}
	EndGlobalSection
EndGlobal
